{
  "name": "MonstrousMedicalCustomers",
  "lockfileVersion": 3,
  "requires": true,
  "packages": {
    "": {
      "dependencies": {
        "@fullcalendar/resource-timeline": "^6.1.15"
      }
    },
    "node_modules/@fullcalendar/core": {
      "version": "6.1.15",
      "resolved": "https://registry.npmjs.org/@fullcalendar/core/-/core-6.1.15.tgz",
      "integrity": "sha512-BuX7o6ALpLb84cMw1FCB9/cSgF4JbVO894cjJZ6kP74jzbUZNjtwffwRdA+Id8rrLjT30d/7TrkW90k4zbXB5Q==",
      "peer": true,
      "dependencies": {
        "preact": "~10.12.1"
      }
    },
    "node_modules/@fullcalendar/premium-common": {
      "version": "6.1.15",
      "resolved": "https://registry.npmjs.org/@fullcalendar/premium-common/-/premium-common-6.1.15.tgz",
      "integrity": "sha512-IwUHptHNzWDOgAsXLoBntGxmbfCKvUy6iYFMCP3F3ahbG58E0PJMYsXvgw+NaA7Cz4gcQoVHioGjIFgQqs3Keg==",
      "peerDependencies": {
        "@fullcalendar/core": "~6.1.15"
      }
    },
    "node_modules/@fullcalendar/resource": {
      "version": "6.1.15",
      "resolved": "https://registry.npmjs.org/@fullcalendar/resource/-/resource-6.1.15.tgz",
      "integrity": "sha512-s9Rz3HNDQWBYCG+V4wqg8x5+UTD5kC3S2poq+5zwbPeyWT8+FEILikQZIgfESX70Z4fn8bBlLJ04Jd/LijfqWw==",
      "peer": true,
      "dependencies": {
        "@fullcalendar/premium-common": "~6.1.15"
      },
      "peerDependencies": {
        "@fullcalendar/core": "~6.1.15"
      }
    },
    "node_modules/@fullcalendar/resource-timeline": {
      "version": "6.1.15",
      "resolved": "https://registry.npmjs.org/@fullcalendar/resource-timeline/-/resource-timeline-6.1.15.tgz",
      "integrity": "sha512-3bvGNDE84ZEV6RLZcYWvMWaViLm22Uw182PMXmFjvq2Vh/bPrrzeLkmyocPsyiT2Bbv5THxwLyzMd7X3Qi/v3Q==",
      "dependencies": {
        "@fullcalendar/premium-common": "~6.1.15",
        "@fullcalendar/scrollgrid": "~6.1.15",
        "@fullcalendar/timeline": "~6.1.15"
      },
      "peerDependencies": {
        "@fullcalendar/core": "~6.1.15",
        "@fullcalendar/resource": "~6.1.15"
      }
    },
    "node_modules/@fullcalendar/scrollgrid": {
      "version": "6.1.15",
      "resolved": "https://registry.npmjs.org/@fullcalendar/scrollgrid/-/scrollgrid-6.1.15.tgz",
      "integrity": "sha512-z7q6eh9bUSQ60YwgztPlJzQAMr6XQgky6bxNQR9cMqfzcwyo/ww11G7OZUp840VIXyqT3g8XPziEDbS5zB4VVQ==",
      "dependencies": {
        "@fullcalendar/premium-common": "~6.1.15"
      },
      "peerDependencies": {
        "@fullcalendar/core": "~6.1.15"
      }
    },
    "node_modules/@fullcalendar/timeline": {
      "version": "6.1.15",
      "resolved": "https://registry.npmjs.org/@fullcalendar/timeline/-/timeline-6.1.15.tgz",
      "integrity": "sha512-VWylStpFFS8lZVUqu0c1b0MF5gkuVH2lzyCK/gopMsbrppqr97sHDTfWEYDHaQXCeO7cd4gKXSliQ0dc9GMlUw==",
      "dependencies": {
        "@fullcalendar/premium-common": "~6.1.15",
        "@fullcalendar/scrollgrid": "~6.1.15"
      },
      "peerDependencies": {
        "@fullcalendar/core": "~6.1.15"
      }
    },
    "node_modules/preact": {
      "version": "10.12.1",
      "resolved": "https://registry.npmjs.org/preact/-/preact-10.12.1.tgz",
      "integrity": "sha512-l8386ixSsBdbreOAkqtrwqHwdvR35ID8c3rKPa8lCWuO86dBi32QWHV4vfsZK1utLLFMvw+Z5Ad4XLkZzchscg==",
      "peer": true,
      "funding": {
        "type": "opencollective",
        "url": "https://opencollective.com/preact"
      }
    }
  }
}
